
Microsoft Visual Studio Solution File, Format Version 12.00
# Visual Studio Version 16
VisualStudioVersion = 16.0.31624.102
MinimumVisualStudioVersion = 10.0.40219.1
Project("{FAE04EC0-301F-11D3-BF4B-00C04F79EFBC}") = "JettSmith.AdventureGame.ConsoleHost", "JettSmith.AdventureGame.ConsoleHost\JettSmith.AdventureGame.ConsoleHost.csproj", "{957ABE4B-A822-4918-948C-35559A45114E}"
EndProject
Global
	GlobalSection(SolutionConfigurationPlatforms) = preSolution
		Debug|Any CPU = Debug|Any CPU
		Release|Any CPU = Release|Any CPU
	EndGlobalSection
	GlobalSection(ProjectConfigurationPlatforms) = postSolution
		{957ABE4B-A822-4918-948C-35559A45114E}.Debug|Any CPU.ActiveCfg = Debug|Any CPU
		{957ABE4B-A822-4918-948C-35559A45114E}.Debug|Any CPU.Build.0 = Debug|Any CPU
		{957ABE4B-A822-4918-948C-35559A45114E}.Release|Any CPU.ActiveCfg = Release|Any CPU
		{957ABE4B-A822-4918-948C-35559A45114E}.Release|Any CPU.Build.0 = Release|Any CPU
	EndGlobalSection
	GlobalSection(SolutionProperties) = preSolution
		HideSolutionNode = FALSE
	EndGlobalSection
	GlobalSection(ExtensibilityGlobals) = postSolution
		SolutionGuid = {AA95C630-22E4-41E9-BCF1-58BBEE7468F0}
	EndGlobalSection
EndGlobal
